{
  "name": "perf-utils",
  "version": "0.0.0",
  "lockfileVersion": 3,
  "requires": true,
  "packages": {
    "": {
      "name": "perf-utils",
      "version": "0.0.0",
      "license": "MIT",
      "dependencies": {
        "bfile": "^0.2.3"
      },
      "devDependencies": {
        "bts-type-deps": "^0.0.3"
      }
    },
    "node_modules/bfile": {
      "version": "0.2.3",
      "resolved": "https://registry.npmjs.org/bfile/-/bfile-0.2.3.tgz",
      "integrity": "sha512-BhbmCLqDC+u8rPSeB/I8bRC8luQoUt+wD326CECXYXtE5GyTWL/q/OkNp58aH7XEREguEItvqM18s9vXLvg6fw==",
      "engines": {
        "node": ">=8.0.0"
      }
    },
    "node_modules/bts-type-deps": {
      "version": "0.0.3",
      "resolved": "https://registry.npmjs.org/bts-type-deps/-/bts-type-deps-0.0.3.tgz",
      "integrity": "sha512-OQHGWhX5amae6Vj6ShlGaQu0sNCICgJ5YspNZPRzfR5RobrD+wjm5vkZK/J3EH5b/ymxqSWo9VkiFNpCxjaG2Q==",
      "dev": true
    }
  }
}
